// !$*UTF8*$!
{
	archiveVersion = 1;
	classes = {
	};
	objectVersion = 56;
	objects = {

/* Begin PBXBuildFile section */
		A61A313E29428CA4004062DC /* Enumerations.swift in Sources */ = {isa = PBXBuildFile; fileRef = A61A313D29428CA4004062DC /* Enumerations.swift */; };
		A61A314029428ED0004062DC /* ButtonView.swift in Sources */ = {isa = PBXBuildFile; fileRef = A61A313F29428ED0004062DC /* ButtonView.swift */; };
		A61A3142294291DD004062DC /* ButtonModel.swift in Sources */ = {isa = PBXBuildFile; fileRef = A61A3141294291DD004062DC /* ButtonModel.swift */; };
		A61A314429429650004062DC /* StringHelper.swift in Sources */ = {isa = PBXBuildFile; fileRef = A61A314329429650004062DC /* StringHelper.swift */; };
		A62F0DC1293D457A0020CCEF /* CalculatorApp.swift in Sources */ = {isa = PBXBuildFile; fileRef = A62F0DC0293D457A0020CCEF /* CalculatorApp.swift */; };
		A62F0DC5293D457B0020CCEF /* Assets.xcassets in Resources */ = {isa = PBXBuildFile; fileRef = A62F0DC4293D457B0020CCEF /* Assets.xcassets */; };
		A62F0DC8293D457B0020CCEF /* Preview Assets.xcassets in Resources */ = {isa = PBXBuildFile; fileRef = A62F0DC7293D457B0020CCEF /* Preview Assets.xcassets */; };
		A64141452940F2A70031C06E /* Constants.swift in Sources */ = {isa = PBXBuildFile; fileRef = A64141442940F2A70031C06E /* Constants.swift */; };
		A64141472940F6610031C06E /* MainView.swift in Sources */ = {isa = PBXBuildFile; fileRef = A64141462940F6610031C06E /* MainView.swift */; };
		A64141492940F6FE0031C06E /* SunMoonView.swift in Sources */ = {isa = PBXBuildFile; fileRef = A64141482940F6FE0031C06E /* SunMoonView.swift */; };
		A641414B2940F8250031C06E /* ComputationView.swift in Sources */ = {isa = PBXBuildFile; fileRef = A641414A2940F8250031C06E /* ComputationView.swift */; };
		A641414D2940F96B0031C06E /* CalculatorButtonsView.swift in Sources */ = {isa = PBXBuildFile; fileRef = A641414C2940F96B0031C06E /* CalculatorButtonsView.swift */; };
		A6497E0F29435CCD00705C97 /* iPadSupport.swift in Sources */ = {isa = PBXBuildFile; fileRef = A6497E0E29435CCD00705C97 /* iPadSupport.swift */; };
/* End PBXBuildFile section */

/* Begin PBXFileReference section */
		A61A313D29428CA4004062DC /* Enumerations.swift */ = {isa = PBXFileReference; lastKnownFileType = sourcecode.swift; path = Enumerations.swift; sourceTree = "<group>"; };
		A61A313F29428ED0004062DC /* ButtonView.swift */ = {isa = PBXFileReference; lastKnownFileType = sourcecode.swift; path = ButtonView.swift; sourceTree = "<group>"; };
		A61A3141294291DD004062DC /* ButtonModel.swift */ = {isa = PBXFileReference; lastKnownFileType = sourcecode.swift; path = ButtonModel.swift; sourceTree = "<group>"; };
		A61A314329429650004062DC /* StringHelper.swift */ = {isa = PBXFileReference; lastKnownFileType = sourcecode.swift; path = StringHelper.swift; sourceTree = "<group>"; };
		A62F0DBD293D457A0020CCEF /* Calculator.app */ = {isa = PBXFileReference; explicitFileType = wrapper.application; includeInIndex = 0; path = Calculator.app; sourceTree = BUILT_PRODUCTS_DIR; };
		A62F0DC0293D457A0020CCEF /* CalculatorApp.swift */ = {isa = PBXFileReference; lastKnownFileType = sourcecode.swift; path = CalculatorApp.swift; sourceTree = "<group>"; };
		A62F0DC4293D457B0020CCEF /* Assets.xcassets */ = {isa = PBXFileReference; lastKnownFileType = folder.assetcatalog; path = Assets.xcassets; sourceTree = "<group>"; };
		A62F0DC7293D457B0020CCEF /* Preview Assets.xcassets */ = {isa = PBXFileReference; lastKnownFileType = folder.assetcatalog; path = "Preview Assets.xcassets"; sourceTree = "<group>"; };
		A64141442940F2A70031C06E /* Constants.swift */ = {isa = PBXFileReference; lastKnownFileType = sourcecode.swift; path = Constants.swift; sourceTree = "<group>"; };
		A64141462940F6610031C06E /* MainView.swift */ = {isa = PBXFileReference; lastKnownFileType = sourcecode.swift; path = MainView.swift; sourceTree = "<group>"; };
		A64141482940F6FE0031C06E /* SunMoonView.swift */ = {isa = PBXFileReference; lastKnownFileType = sourcecode.swift; path = SunMoonView.swift; sourceTree = "<group>"; };
		A641414A2940F8250031C06E /* ComputationView.swift */ = {isa = PBXFileReference; lastKnownFileType = sourcecode.swift; path = ComputationView.swift; sourceTree = "<group>"; };
		A641414C2940F96B0031C06E /* CalculatorButtonsView.swift */ = {isa = PBXFileReference; lastKnownFileType = sourcecode.swift; path = CalculatorButtonsView.swift; sourceTree = "<group>"; };
		A6497E0E29435CCD00705C97 /* iPadSupport.swift */ = {isa = PBXFileReference; lastKnownFileType = sourcecode.swift; path = iPadSupport.swift; sourceTree = "<group>"; };
/* End PBXFileReference section */

/* Begin PBXFrameworksBuildPhase section */
		A62F0DBA293D457A0020CCEF /* Frameworks */ = {
			isa = PBXFrameworksBuildPhase;
			buildActionMask = 2147483647;
			files = (
			);
			runOnlyForDeploymentPostprocessing = 0;
		};
/* End PBXFrameworksBuildPhase section */

/* Begin PBXGroup section */
		A62F0DB4293D457A0020CCEF = {
			isa = PBXGroup;
			children = (
				A62F0DBF293D457A0020CCEF /* Calculator */,
				A62F0DBE293D457A0020CCEF /* Products */,
			);
			sourceTree = "<group>";
		};
		A62F0DBE293D457A0020CCEF /* Products */ = {
			isa = PBXGroup;
			children = (
				A62F0DBD293D457A0020CCEF /* Calculator.app */,
			);
			name = Products;
			sourceTree = "<group>";
		};
		A62F0DBF293D457A0020CCEF /* Calculator */ = {
			isa = PBXGroup;
			children = (
				A6497E0D29435CB500705C97 /* Extensions */,
				A6871A03293E9B54005231D3 /* Model */,
				A6871A04293E9B5C005231D3 /* ViewModel */,
				A6871A05293E9B62005231D3 /* View */,
				A62F0DC0293D457A0020CCEF /* CalculatorApp.swift */,
				A62F0DC4293D457B0020CCEF /* Assets.xcassets */,
				A62F0DC6293D457B0020CCEF /* Preview Content */,
			);
			path = Calculator;
			sourceTree = "<group>";
		};
		A62F0DC6293D457B0020CCEF /* Preview Content */ = {
			isa = PBXGroup;
			children = (
				A62F0DC7293D457B0020CCEF /* Preview Assets.xcassets */,
			);
			path = "Preview Content";
			sourceTree = "<group>";
		};
		A64141432940F29C0031C06E /* Utils */ = {
			isa = PBXGroup;
			children = (
				A64141442940F2A70031C06E /* Constants.swift */,
			);
			path = Utils;
			sourceTree = "<group>";
		};
		A6497E0D29435CB500705C97 /* Extensions */ = {
			isa = PBXGroup;
			children = (
				A6497E0E29435CCD00705C97 /* iPadSupport.swift */,
			);
			path = Extensions;
			sourceTree = "<group>";
		};
		A6871A03293E9B54005231D3 /* Model */ = {
			isa = PBXGroup;
			children = (
				A64141432940F29C0031C06E /* Utils */,
				A61A313D29428CA4004062DC /* Enumerations.swift */,
				A61A3141294291DD004062DC /* ButtonModel.swift */,
			);
			path = Model;
			sourceTree = "<group>";
		};
		A6871A04293E9B5C005231D3 /* ViewModel */ = {
			isa = PBXGroup;
			children = (
				A61A314329429650004062DC /* StringHelper.swift */,
			);
			path = ViewModel;
			sourceTree = "<group>";
		};
		A6871A05293E9B62005231D3 /* View */ = {
			isa = PBXGroup;
			children = (
				A641414A2940F8250031C06E /* ComputationView.swift */,
				A64141482940F6FE0031C06E /* SunMoonView.swift */,
				A641414C2940F96B0031C06E /* CalculatorButtonsView.swift */,
				A64141462940F6610031C06E /* MainView.swift */,
				A61A313F29428ED0004062DC /* ButtonView.swift */,
			);
			path = View;
			sourceTree = "<group>";
		};
/* End PBXGroup section */

/* Begin PBXNativeTarget section */
		A62F0DBC293D457A0020CCEF /* Calculator */ = {
			isa = PBXNativeTarget;
			buildConfigurationList = A62F0DCB293D457B0020CCEF /* Build configuration list for PBXNativeTarget "Calculator" */;
			buildPhases = (
				A62F0DB9293D457A0020CCEF /* Sources */,
				A62F0DBA293D457A0020CCEF /* Frameworks */,
				A62F0DBB293D457A0020CCEF /* Resources */,
			);
			buildRules = (
			);
			dependencies = (
			);
			name = Calculator;
			productName = Calculator;
			productReference = A62F0DBD293D457A0020CCEF /* Calculator.app */;
			productType = "com.apple.product-type.application";
		};
/* End PBXNativeTarget section */

/* Begin PBXProject section */
		A62F0DB5293D457A0020CCEF /* Project object */ = {
			isa = PBXProject;
			attributes = {
				BuildIndependentTargetsInParallel = 1;
				LastSwiftUpdateCheck = 1410;
				LastUpgradeCheck = 1410;
				TargetAttributes = {
					A62F0DBC293D457A0020CCEF = {
						CreatedOnToolsVersion = 14.1;
					};
				};
			};
			buildConfigurationList = A62F0DB8293D457A0020CCEF /* Build configuration list for PBXProject "Calculator" */;
			compatibilityVersion = "Xcode 14.0";
			developmentRegion = en;
			hasScannedForEncodings = 0;
			knownRegions = (
				en,
				Base,
			);
			mainGroup = A62F0DB4293D457A0020CCEF;
			productRefGroup = A62F0DBE293D457A0020CCEF /* Products */;
			projectDirPath = "";
			projectRoot = "";
			targets = (
				A62F0DBC293D457A0020CCEF /* Calculator */,
			);
		};
/* End PBXProject section */

/* Begin PBXResourcesBuildPhase section */
		A62F0DBB293D457A0020CCEF /* Resources */ = {
			isa = PBXResourcesBuildPhase;
			buildActionMask = 2147483647;
			files = (
				A62F0DC8293D457B0020CCEF /* Preview Assets.xcassets in Resources */,
				A62F0DC5293D457B0020CCEF /* Assets.xcassets in Resources */,
			);
			runOnlyForDeploymentPostprocessing = 0;
		};
/* End PBXResourcesBuildPhase section */

/* Begin PBXSourcesBuildPhase section */
		A62F0DB9293D457A0020CCEF /* Sources */ = {
			isa = PBXSourcesBuildPhase;
			buildActionMask = 2147483647;
			files = (
				A641414D2940F96B0031C06E /* CalculatorButtonsView.swift in Sources */,
				A61A314429429650004062DC /* StringHelper.swift in Sources */,
				A64141472940F6610031C06E /* MainView.swift in Sources */,
				A62F0DC1293D457A0020CCEF /* CalculatorApp.swift in Sources */,
				A64141452940F2A70031C06E /* Constants.swift in Sources */,
				A641414B2940F8250031C06E /* ComputationView.swift in Sources */,
				A64141492940F6FE0031C06E /* SunMoonView.swift in Sources */,
				A61A3142294291DD004062DC /* ButtonModel.swift in Sources */,
				A6497E0F29435CCD00705C97 /* iPadSupport.swift in Sources */,
				A61A313E29428CA4004062DC /* Enumerations.swift in Sources */,
				A61A314029428ED0004062DC /* ButtonView.swift in Sources */,
			);
			runOnlyForDeploymentPostprocessing = 0;
		};
/* End PBXSourcesBuildPhase section */

/* Begin XCBuildConfiguration section */
		A62F0DC9293D457B0020CCEF /* Debug */ = {
			isa = XCBuildConfiguration;
			buildSettings = {
				ALWAYS_SEARCH_USER_PATHS = NO;
				CLANG_ANALYZER_NONNULL = YES;
				CLANG_ANALYZER_NUMBER_OBJECT_CONVERSION = YES_AGGRESSIVE;
				CLANG_CXX_LANGUAGE_STANDARD = "gnu++20";
				CLANG_ENABLE_MODULES = YES;
				CLANG_ENABLE_OBJC_ARC = YES;
				CLANG_ENABLE_OBJC_WEAK = YES;
				CLANG_WARN_BLOCK_CAPTURE_AUTORELEASING = YES;
				CLANG_WARN_BOOL_CONVERSION = YES;
				CLANG_WARN_COMMA = YES;
				CLANG_WARN_CONSTANT_CONVERSION = YES;
				CLANG_WARN_DEPRECATED_OBJC_IMPLEMENTATIONS = YES;
				CLANG_WARN_DIRECT_OBJC_ISA_USAGE = YES_ERROR;
				CLANG_WARN_DOCUMENTATION_COMMENTS = YES;
				CLANG_WARN_EMPTY_BODY = YES;
				CLANG_WARN_ENUM_CONVERSION = YES;
				CLANG_WARN_INFINITE_RECURSION = YES;
				CLANG_WARN_INT_CONVERSION = YES;
				CLANG_WARN_NON_LITERAL_NULL_CONVERSION = YES;
				CLANG_WARN_OBJC_IMPLICIT_RETAIN_SELF = YES;
				CLANG_WARN_OBJC_LITERAL_CONVERSION = YES;
				CLANG_WARN_OBJC_ROOT_CLASS = YES_ERROR;
				CLANG_WARN_QUOTED_INCLUDE_IN_FRAMEWORK_HEADER = YES;
				CLANG_WARN_RANGE_LOOP_ANALYSIS = YES;
				CLANG_WARN_STRICT_PROTOTYPES = YES;
				CLANG_WARN_SUSPICIOUS_MOVE = YES;
				CLANG_WARN_UNGUARDED_AVAILABILITY = YES_AGGRESSIVE;
				CLANG_WARN_UNREACHABLE_CODE = YES;
				CLANG_WARN__DUPLICATE_METHOD_MATCH = YES;
				COPY_PHASE_STRIP = NO;
				DEBUG_INFORMATION_FORMAT = dwarf;
				ENABLE_STRICT_OBJC_MSGSEND = YES;
				ENABLE_TESTABILITY = YES;
				GCC_C_LANGUAGE_STANDARD = gnu11;
				GCC_DYNAMIC_NO_PIC = NO;
				GCC_NO_COMMON_BLOCKS = YES;
				GCC_OPTIMIZATION_LEVEL = 0;
				GCC_PREPROCESSOR_DEFINITIONS = (
					"DEBUG=1",
					"$(inherited)",
				);
				GCC_WARN_64_TO_32_BIT_CONVERSION = YES;
				GCC_WARN_ABOUT_RETURN_TYPE = YES_ERROR;
				GCC_WARN_UNDECLARED_SELECTOR = YES;
				GCC_WARN_UNINITIALIZED_AUTOS = YES_AGGRESSIVE;
				GCC_WARN_UNUSED_FUNCTION = YES;
				GCC_WARN_UNUSED_VARIABLE = YES;
				IPHONEOS_DEPLOYMENT_TARGET = 16.1;
				MTL_ENABLE_DEBUG_INFO = INCLUDE_SOURCE;
				MTL_FAST_MATH = YES;
				ONLY_ACTIVE_ARCH = YES;
				SDKROOT = iphoneos;
				SWIFT_ACTIVE_COMPILATION_CONDITIONS = DEBUG;
				SWIFT_OPTIMIZATION_LEVEL = "-Onone";
			};
			name = Debug;
		};
		A62F0DCA293D457B0020CCEF /* Release */ = {
			isa = XCBuildConfiguration;
			buildSettings = {
				ALWAYS_SEARCH_USER_PATHS = NO;
				CLANG_ANALYZER_NONNULL = YES;
				CLANG_ANALYZER_NUMBER_OBJECT_CONVERSION = YES_AGGRESSIVE;
				CLANG_CXX_LANGUAGE_STANDARD = "gnu++20";
				CLANG_ENABLE_MODULES = YES;
				CLANG_ENABLE_OBJC_ARC = YES;
				CLANG_ENABLE_OBJC_WEAK = YES;
				CLANG_WARN_BLOCK_CAPTURE_AUTORELEASING = YES;
				CLANG_WARN_BOOL_CONVERSION = YES;
				CLANG_WARN_COMMA = YES;
				CLANG_WARN_CONSTANT_CONVERSION = YES;
				CLANG_WARN_DEPRECATED_OBJC_IMPLEMENTATIONS = YES;
				CLANG_WARN_DIRECT_OBJC_ISA_USAGE = YES_ERROR;
				CLANG_WARN_DOCUMENTATION_COMMENTS = YES;
				CLANG_WARN_EMPTY_BODY = YES;
				CLANG_WARN_ENUM_CONVERSION = YES;
				CLANG_WARN_INFINITE_RECURSION = YES;
				CLANG_WARN_INT_CONVERSION = YES;
				CLANG_WARN_NON_LITERAL_NULL_CONVERSION = YES;
				CLANG_WARN_OBJC_IMPLICIT_RETAIN_SELF = YES;
				CLANG_WARN_OBJC_LITERAL_CONVERSION = YES;
				CLANG_WARN_OBJC_ROOT_CLASS = YES_ERROR;
				CLANG_WARN_QUOTED_INCLUDE_IN_FRAMEWORK_HEADER = YES;
				CLANG_WARN_RANGE_LOOP_ANALYSIS = YES;
				CLANG_WARN_STRICT_PROTOTYPES = YES;
				CLANG_WARN_SUSPICIOUS_MOVE = YES;
				CLANG_WARN_UNGUARDED_AVAILABILITY = YES_AGGRESSIVE;
				CLANG_WARN_UNREACHABLE_CODE = YES;
				CLANG_WARN__DUPLICATE_METHOD_MATCH = YES;
				COPY_PHASE_STRIP = NO;
				DEBUG_INFORMATION_FORMAT = "dwarf-with-dsym";
				ENABLE_NS_ASSERTIONS = NO;
				ENABLE_STRICT_OBJC_MSGSEND = YES;
				GCC_C_LANGUAGE_STANDARD = gnu11;
				GCC_NO_COMMON_BLOCKS = YES;
				GCC_WARN_64_TO_32_BIT_CONVERSION = YES;
				GCC_WARN_ABOUT_RETURN_TYPE = YES_ERROR;
				GCC_WARN_UNDECLARED_SELECTOR = YES;
				GCC_WARN_UNINITIALIZED_AUTOS = YES_AGGRESSIVE;
				GCC_WARN_UNUSED_FUNCTION = YES;
				GCC_WARN_UNUSED_VARIABLE = YES;
				IPHONEOS_DEPLOYMENT_TARGET = 16.1;
				MTL_ENABLE_DEBUG_INFO = NO;
				MTL_FAST_MATH = YES;
				SDKROOT = iphoneos;
				SWIFT_COMPILATION_MODE = wholemodule;
				SWIFT_OPTIMIZATION_LEVEL = "-O";
				VALIDATE_PRODUCT = YES;
			};
			name = Release;
		};
		A62F0DCC293D457B0020CCEF /* Debug */ = {
			isa = XCBuildConfiguration;
			buildSettings = {
				ASSETCATALOG_COMPILER_APPICON_NAME = AppIcon;
				ASSETCATALOG_COMPILER_GLOBAL_ACCENT_COLOR_NAME = AccentColor;
				CODE_SIGN_STYLE = Automatic;
				CURRENT_PROJECT_VERSION = 1;
				DEVELOPMENT_ASSET_PATHS = "\"Calculator/Preview Content\"";
				DEVELOPMENT_TEAM = SZY2W3K7A8;
				ENABLE_PREVIEWS = YES;
				GENERATE_INFOPLIST_FILE = YES;
				INFOPLIST_KEY_UIApplicationSceneManifest_Generation = YES;
				INFOPLIST_KEY_UIApplicationSupportsIndirectInputEvents = YES;
				INFOPLIST_KEY_UILaunchScreen_Generation = YES;
				INFOPLIST_KEY_UISupportedInterfaceOrientations = UIInterfaceOrientationPortrait;
				LD_RUNPATH_SEARCH_PATHS = (
					"$(inherited)",
					"@executable_path/Frameworks",
				);
				MARKETING_VERSION = 1.0;
				PRODUCT_BUNDLE_IDENTIFIER = rs.smartnode.Calculator;
				PRODUCT_NAME = "$(TARGET_NAME)";
				SWIFT_EMIT_LOC_STRINGS = YES;
				SWIFT_VERSION = 5.0;
				TARGETED_DEVICE_FAMILY = "1,2";
			};
			name = Debug;
		};
		A62F0DCD293D457B0020CCEF /* Release */ = {
			isa = XCBuildConfiguration;
			buildSettings = {
				ASSETCATALOG_COMPILER_APPICON_NAME = AppIcon;
				ASSETCATALOG_COMPILER_GLOBAL_ACCENT_COLOR_NAME = AccentColor;
				CODE_SIGN_STYLE = Automatic;
				CURRENT_PROJECT_VERSION = 1;
				DEVELOPMENT_ASSET_PATHS = "\"Calculator/Preview Content\"";
				DEVELOPMENT_TEAM = SZY2W3K7A8;
				ENABLE_PREVIEWS = YES;
				GENERATE_INFOPLIST_FILE = YES;
				INFOPLIST_KEY_UIApplicationSceneManifest_Generation = YES;
				INFOPLIST_KEY_UIApplicationSupportsIndirectInputEvents = YES;
				INFOPLIST_KEY_UILaunchScreen_Generation = YES;
				INFOPLIST_KEY_UISupportedInterfaceOrientations = UIInterfaceOrientationPortrait;
				LD_RUNPATH_SEARCH_PATHS = (
					"$(inherited)",
					"@executable_path/Frameworks",
				);
				MARKETING_VERSION = 1.0;
				PRODUCT_BUNDLE_IDENTIFIER = rs.smartnode.Calculator;
				PRODUCT_NAME = "$(TARGET_NAME)";
				SWIFT_EMIT_LOC_STRINGS = YES;
				SWIFT_VERSION = 5.0;
				TARGETED_DEVICE_FAMILY = "1,2";
			};
			name = Release;
		};
/* End XCBuildConfiguration section */

/* Begin XCConfigurationList section */
		A62F0DB8293D457A0020CCEF /* Build configuration list for PBXProject "Calculator" */ = {
			isa = XCConfigurationList;
			buildConfigurations = (
				A62F0DC9293D457B0020CCEF /* Debug */,
				A62F0DCA293D457B0020CCEF /* Release */,
			);
			defaultConfigurationIsVisible = 0;
			defaultConfigurationName = Release;
		};
		A62F0DCB293D457B0020CCEF /* Build configuration list for PBXNativeTarget "Calculator" */ = {
			isa = XCConfigurationList;
			buildConfigurations = (
				A62F0DCC293D457B0020CCEF /* Debug */,
				A62F0DCD293D457B0020CCEF /* Release */,
			);
			defaultConfigurationIsVisible = 0;
			defaultConfigurationName = Release;
		};
/* End XCConfigurationList section */
	};
	rootObject = A62F0DB5293D457A0020CCEF /* Project object */;
}
